
Microsoft Visual Studio Solution File, Format Version 12.00
# Visual Studio Version 16
VisualStudioVersion = 16.0.29230.47
MinimumVisualStudioVersion = 10.0.40219.1
Project("{FAE04EC0-301F-11D3-BF4B-00C04F79EFBC}") = "WebMVC", "WebMVC\WebMVC.csproj", "{FFF0A469-9ECA-4FDC-9D67-0B62BDE77952}"
EndProject
Project("{FAE04EC0-301F-11D3-BF4B-00C04F79EFBC}") = "Data", "Data\Data.csproj", "{D42FA58B-0958-4119-A245-F8D8004E0BCE}"
EndProject
Project("{FAE04EC0-301F-11D3-BF4B-00C04F79EFBC}") = "Models", "Models\Models.csproj", "{689AD88E-71FB-47F6-B14D-7B85E99022B6}"
EndProject
Project("{FAE04EC0-301F-11D3-BF4B-00C04F79EFBC}") = "Services", "Services\Services.csproj", "{48178112-0863-4B25-87BE-3AE14667C07A}"
EndProject
Global
	GlobalSection(SolutionConfigurationPlatforms) = preSolution
		Debug|Any CPU = Debug|Any CPU
		Release|Any CPU = Release|Any CPU
	EndGlobalSection
	GlobalSection(ProjectConfigurationPlatforms) = postSolution
		{FFF0A469-9ECA-4FDC-9D67-0B62BDE77952}.Debug|Any CPU.ActiveCfg = Debug|Any CPU
		{FFF0A469-9ECA-4FDC-9D67-0B62BDE77952}.Debug|Any CPU.Build.0 = Debug|Any CPU
		{FFF0A469-9ECA-4FDC-9D67-0B62BDE77952}.Release|Any CPU.ActiveCfg = Release|Any CPU
		{FFF0A469-9ECA-4FDC-9D67-0B62BDE77952}.Release|Any CPU.Build.0 = Release|Any CPU
		{D42FA58B-0958-4119-A245-F8D8004E0BCE}.Debug|Any CPU.ActiveCfg = Debug|Any CPU
		{D42FA58B-0958-4119-A245-F8D8004E0BCE}.Debug|Any CPU.Build.0 = Debug|Any CPU
		{D42FA58B-0958-4119-A245-F8D8004E0BCE}.Release|Any CPU.ActiveCfg = Release|Any CPU
		{D42FA58B-0958-4119-A245-F8D8004E0BCE}.Release|Any CPU.Build.0 = Release|Any CPU
		{689AD88E-71FB-47F6-B14D-7B85E99022B6}.Debug|Any CPU.ActiveCfg = Debug|Any CPU
		{689AD88E-71FB-47F6-B14D-7B85E99022B6}.Debug|Any CPU.Build.0 = Debug|Any CPU
		{689AD88E-71FB-47F6-B14D-7B85E99022B6}.Release|Any CPU.ActiveCfg = Release|Any CPU
		{689AD88E-71FB-47F6-B14D-7B85E99022B6}.Release|Any CPU.Build.0 = Release|Any CPU
		{48178112-0863-4B25-87BE-3AE14667C07A}.Debug|Any CPU.ActiveCfg = Debug|Any CPU
		{48178112-0863-4B25-87BE-3AE14667C07A}.Debug|Any CPU.Build.0 = Debug|Any CPU
		{48178112-0863-4B25-87BE-3AE14667C07A}.Release|Any CPU.ActiveCfg = Release|Any CPU
		{48178112-0863-4B25-87BE-3AE14667C07A}.Release|Any CPU.Build.0 = Release|Any CPU
	EndGlobalSection
	GlobalSection(SolutionProperties) = preSolution
		HideSolutionNode = FALSE
	EndGlobalSection
	GlobalSection(ExtensibilityGlobals) = postSolution
		SolutionGuid = {D2C930C4-E273-47CC-9546-FAE7B8DB2030}
	EndGlobalSection
EndGlobal
